
Microsoft Visual Studio Solution File, Format Version 12.00
# Visual Studio Version 16
VisualStudioVersion = 16.0.31321.278
MinimumVisualStudioVersion = 10.0.40219.1
Project("{FAE04EC0-301F-11D3-BF4B-00C04F79EFBC}") = "API", "API.csproj", "{7DFB731C-39A6-48C9-B635-2D6565E0B830}"
EndProject
Global
	GlobalSection(SolutionConfigurationPlatforms) = preSolution
		Debug|Any CPU = Debug|Any CPU
		Release|Any CPU = Release|Any CPU
	EndGlobalSection
	GlobalSection(ProjectConfigurationPlatforms) = postSolution
		{7DFB731C-39A6-48C9-B635-2D6565E0B830}.Debug|Any CPU.ActiveCfg = Debug|Any CPU
		{7DFB731C-39A6-48C9-B635-2D6565E0B830}.Debug|Any CPU.Build.0 = Debug|Any CPU
		{7DFB731C-39A6-48C9-B635-2D6565E0B830}.Release|Any CPU.ActiveCfg = Release|Any CPU
		{7DFB731C-39A6-48C9-B635-2D6565E0B830}.Release|Any CPU.Build.0 = Release|Any CPU
	EndGlobalSection
	GlobalSection(SolutionProperties) = preSolution
		HideSolutionNode = FALSE
	EndGlobalSection
	GlobalSection(ExtensibilityGlobals) = postSolution
		SolutionGuid = {C3772C3A-77D0-448E-BA12-D560E6A0BB59}
	EndGlobalSection
EndGlobal
